// !$*UTF8*$!
{
	archiveVersion = 1;
	classes = {
	};
	objectVersion = 46;
	objects = {

/* Begin PBXBuildFile section */
		9C5B143F1526C77C003B8CC6 /* UIKit.framework in Frameworks */ = {isa = PBXBuildFile; fileRef = 9C5B143E1526C77B003B8CC6 /* UIKit.framework */; };
		9C5B14411526C77C003B8CC6 /* Foundation.framework in Frameworks */ = {isa = PBXBuildFile; fileRef = 9C5B14401526C77C003B8CC6 /* Foundation.framework */; };
		9C5B14431526C77C003B8CC6 /* CoreGraphics.framework in Frameworks */ = {isa = PBXBuildFile; fileRef = 9C5B14421526C77C003B8CC6 /* CoreGraphics.framework */; };
		9C5B14491526C77C003B8CC6 /* InfoPlist.strings in Resources */ = {isa = PBXBuildFile; fileRef = 9C5B14471526C77C003B8CC6 /* InfoPlist.strings */; };
		9C5B144B1526C77C003B8CC6 /* main.m in Sources */ = {isa = PBXBuildFile; fileRef = 9C5B144A1526C77C003B8CC6 /* main.m */; };
		9C5B144F1526C77C003B8CC6 /* AppDelegate.m in Sources */ = {isa = PBXBuildFile; fileRef = 9C5B144E1526C77C003B8CC6 /* AppDelegate.m */; };
		9C5B14521526C77C003B8CC6 /* ViewController.m in Sources */ = {isa = PBXBuildFile; fileRef = 9C5B14511526C77C003B8CC6 /* ViewController.m */; };
		9C5B14551526C77C003B8CC6 /* ViewController.xib in Resources */ = {isa = PBXBuildFile; fileRef = 9C5B14531526C77C003B8CC6 /* ViewController.xib */; };
		9C5B145D1526C77C003B8CC6 /* SenTestingKit.framework in Frameworks */ = {isa = PBXBuildFile; fileRef = 9C5B145C1526C77C003B8CC6 /* SenTestingKit.framework */; };
		9C5B145E1526C77C003B8CC6 /* UIKit.framework in Frameworks */ = {isa = PBXBuildFile; fileRef = 9C5B143E1526C77B003B8CC6 /* UIKit.framework */; };
		9C5B145F1526C77C003B8CC6 /* Foundation.framework in Frameworks */ = {isa = PBXBuildFile; fileRef = 9C5B14401526C77C003B8CC6 /* Foundation.framework */; };
		9C5B14671526C77C003B8CC6 /* InfoPlist.strings in Resources */ = {isa = PBXBuildFile; fileRef = 9C5B14651526C77C003B8CC6 /* InfoPlist.strings */; };
		9C5B146A1526C77C003B8CC6 /* ExampleTestTests.m in Sources */ = {isa = PBXBuildFile; fileRef = 9C5B14691526C77C003B8CC6 /* ExampleTestTests.m */; };
/* End PBXBuildFile section */

/* Begin PBXContainerItemProxy section */
		9C5B14601526C77C003B8CC6 /* PBXContainerItemProxy */ = {
			isa = PBXContainerItemProxy;
			containerPortal = 9C5B14311526C77B003B8CC6 /* Project object */;
			proxyType = 1;
			remoteGlobalIDString = 9C5B14391526C77B003B8CC6;
			remoteInfo = ExampleTest;
		};
/* End PBXContainerItemProxy section */

/* Begin PBXFileReference section */
		9C5B143A1526C77B003B8CC6 /* ExampleTest.app */ = {isa = PBXFileReference; explicitFileType = wrapper.application; includeInIndex = 0; path = ExampleTest.app; sourceTree = BUILT_PRODUCTS_DIR; };
		9C5B143E1526C77B003B8CC6 /* UIKit.framework */ = {isa = PBXFileReference; lastKnownFileType = wrapper.framework; name = UIKit.framework; path = System/Library/Frameworks/UIKit.framework; sourceTree = SDKROOT; };
		9C5B14401526C77C003B8CC6 /* Foundation.framework */ = {isa = PBXFileReference; lastKnownFileType = wrapper.framework; name = Foundation.framework; path = System/Library/Frameworks/Foundation.framework; sourceTree = SDKROOT; };
		9C5B14421526C77C003B8CC6 /* CoreGraphics.framework */ = {isa = PBXFileReference; lastKnownFileType = wrapper.framework; name = CoreGraphics.framework; path = System/Library/Frameworks/CoreGraphics.framework; sourceTree = SDKROOT; };
		9C5B14461526C77C003B8CC6 /* ExampleTest-Info.plist */ = {isa = PBXFileReference; path = "ExampleTest-Info.plist"; sourceTree = "<group>"; };
		9C5B14481526C77C003B8CC6 /* en */ = {isa = PBXFileReference; lastKnownFileType = text.plist.strings; name = en; path = en.lproj/InfoPlist.strings; sourceTree = "<group>"; };
		9C5B144A1526C77C003B8CC6 /* main.m */ = {isa = PBXFileReference; lastKnownFileType = sourcecode.c.objc; path = main.m; sourceTree = "<group>"; };
		9C5B144C1526C77C003B8CC6 /* ExampleTest-Prefix.pch */ = {isa = PBXFileReference; path = "ExampleTest-Prefix.pch"; sourceTree = "<group>"; };
		9C5B144D1526C77C003B8CC6 /* AppDelegate.h */ = {isa = PBXFileReference; path = AppDelegate.h; sourceTree = "<group>"; };
		9C5B144E1526C77C003B8CC6 /* AppDelegate.m */ = {isa = PBXFileReference; lastKnownFileType = sourcecode.c.objc; path = AppDelegate.m; sourceTree = "<group>"; };
		9C5B14501526C77C003B8CC6 /* ViewController.h */ = {isa = PBXFileReference; path = ViewController.h; sourceTree = "<group>"; };
		9C5B14511526C77C003B8CC6 /* ViewController.m */ = {isa = PBXFileReference; lastKnownFileType = sourcecode.c.objc; path = ViewController.m; sourceTree = "<group>"; };
		9C5B14541526C77C003B8CC6 /* en */ = {isa = PBXFileReference; lastKnownFileType = file.xib; name = en; path = en.lproj/ViewController.xib; sourceTree = "<group>"; };
		9C5B145B1526C77C003B8CC6 /* ExampleTestTests.octest */ = {isa = PBXFileReference; explicitFileType = wrapper.cfbundle; includeInIndex = 0; path = ExampleTestTests.octest; sourceTree = BUILT_PRODUCTS_DIR; };
		9C5B145C1526C77C003B8CC6 /* SenTestingKit.framework */ = {isa = PBXFileReference; lastKnownFileType = wrapper.framework; name = SenTestingKit.framework; path = Library/Frameworks/SenTestingKit.framework; sourceTree = DEVELOPER_DIR; };
		9C5B14641526C77C003B8CC6 /* ExampleTestTests-Info.plist */ = {isa = PBXFileReference; path = "ExampleTestTests-Info.plist"; sourceTree = "<group>"; };
		9C5B14661526C77C003B8CC6 /* en */ = {isa = PBXFileReference; lastKnownFileType = text.plist.strings; name = en; path = en.lproj/InfoPlist.strings; sourceTree = "<group>"; };
		9C5B14681526C77C003B8CC6 /* ExampleTestTests.h */ = {isa = PBXFileReference; path = ExampleTestTests.h; sourceTree = "<group>"; };
		9C5B14691526C77C003B8CC6 /* ExampleTestTests.m */ = {isa = PBXFileReference; lastKnownFileType = sourcecode.c.objc; path = ExampleTestTests.m; sourceTree = "<group>"; };
/* End PBXFileReference section */

/* Begin PBXFrameworksBuildPhase section */
		9C5B14371526C77B003B8CC6 /* Frameworks */ = {
			isa = PBXFrameworksBuildPhase;
			buildActionMask = 2147483647;
			files = (
				9C5B143F1526C77C003B8CC6 /* UIKit.framework in Frameworks */,
				9C5B14411526C77C003B8CC6 /* Foundation.framework in Frameworks */,
				9C5B14431526C77C003B8CC6 /* CoreGraphics.framework in Frameworks */,
			);
			runOnlyForDeploymentPostprocessing = 0;
		};
		9C5B14571526C77C003B8CC6 /* Frameworks */ = {
			isa = PBXFrameworksBuildPhase;
			buildActionMask = 2147483647;
			files = (
				9C5B145D1526C77C003B8CC6 /* SenTestingKit.framework in Frameworks */,
				9C5B145E1526C77C003B8CC6 /* UIKit.framework in Frameworks */,
				9C5B145F1526C77C003B8CC6 /* Foundation.framework in Frameworks */,
			);
			runOnlyForDeploymentPostprocessing = 0;
		};
/* End PBXFrameworksBuildPhase section */

/* Begin PBXGroup section */
		9C5B142F1526C77B003B8CC6 = {
			isa = PBXGroup;
			children = (
				9C5B14441526C77C003B8CC6 /* ExampleTest */,
				9C5B14621526C77C003B8CC6 /* ExampleTestTests */,
				9C5B143D1526C77B003B8CC6 /* Frameworks */,
				9C5B143B1526C77B003B8CC6 /* Products */,
			);
			sourceTree = "<group>";
		};
		9C5B143B1526C77B003B8CC6 /* Products */ = {
			isa = PBXGroup;
			children = (
				9C5B143A1526C77B003B8CC6 /* ExampleTest.app */,
				9C5B145B1526C77C003B8CC6 /* ExampleTestTests.octest */,
			);
			name = Products;
			sourceTree = "<group>";
		};
		9C5B143D1526C77B003B8CC6 /* Frameworks */ = {
			isa = PBXGroup;
			children = (
				9C5B143E1526C77B003B8CC6 /* UIKit.framework */,
				9C5B14401526C77C003B8CC6 /* Foundation.framework */,
				9C5B14421526C77C003B8CC6 /* CoreGraphics.framework */,
				9C5B145C1526C77C003B8CC6 /* SenTestingKit.framework */,
			);
			name = Frameworks;
			sourceTree = "<group>";
		};
		9C5B14441526C77C003B8CC6 /* ExampleTest */ = {
			isa = PBXGroup;
			children = (
				9C5B144D1526C77C003B8CC6 /* AppDelegate.h */,
				9C5B144E1526C77C003B8CC6 /* AppDelegate.m */,
				9C5B14501526C77C003B8CC6 /* ViewController.h */,
				9C5B14511526C77C003B8CC6 /* ViewController.m */,
				9C5B14531526C77C003B8CC6 /* ViewController.xib */,
				9C5B14451526C77C003B8CC6 /* Supporting Files */,
			);
			path = ExampleTest;
			sourceTree = "<group>";
		};
		9C5B14451526C77C003B8CC6 /* Supporting Files */ = {
			isa = PBXGroup;
			children = (
				9C5B14461526C77C003B8CC6 /* ExampleTest-Info.plist */,
				9C5B14471526C77C003B8CC6 /* InfoPlist.strings */,
				9C5B144A1526C77C003B8CC6 /* main.m */,
				9C5B144C1526C77C003B8CC6 /* ExampleTest-Prefix.pch */,
			);
			name = "Supporting Files";
			sourceTree = "<group>";
		};
		9C5B14621526C77C003B8CC6 /* ExampleTestTests */ = {
			isa = PBXGroup;
			children = (
				9C5B14681526C77C003B8CC6 /* ExampleTestTests.h */,
				9C5B14691526C77C003B8CC6 /* ExampleTestTests.m */,
				9C5B14631526C77C003B8CC6 /* Supporting Files */,
			);
			path = ExampleTestTests;
			sourceTree = "<group>";
		};
		9C5B14631526C77C003B8CC6 /* Supporting Files */ = {
			isa = PBXGroup;
			children = (
				9C5B14641526C77C003B8CC6 /* ExampleTestTests-Info.plist */,
				9C5B14651526C77C003B8CC6 /* InfoPlist.strings */,
			);
			name = "Supporting Files";
			sourceTree = "<group>";
		};
/* End PBXGroup section */

/* Begin PBXNativeTarget section */
		9C5B14391526C77B003B8CC6 /* ExampleTest */ = {
			isa = PBXNativeTarget;
			buildConfigurationList = 9C5B146D1526C77C003B8CC6 /* Build configuration list for PBXNativeTarget "ExampleTest" */;
			buildPhases = (
				9C5B14361526C77B003B8CC6 /* Sources */,
				9C5B14371526C77B003B8CC6 /* Frameworks */,
				9C5B14381526C77B003B8CC6 /* Resources */,
			);
			buildRules = (
			);
			dependencies = (
			);
			name = ExampleTest;
			productName = ExampleTest;
			productReference = 9C5B143A1526C77B003B8CC6 /* ExampleTest.app */;
			productType = "com.apple.product-type.application";
		};
		9C5B145A1526C77C003B8CC6 /* ExampleTestTests */ = {
			isa = PBXNativeTarget;
			buildConfigurationList = 9C5B14701526C77C003B8CC6 /* Build configuration list for PBXNativeTarget "ExampleTestTests" */;
			buildPhases = (
				9C5B14561526C77C003B8CC6 /* Sources */,
				9C5B14571526C77C003B8CC6 /* Frameworks */,
				9C5B14581526C77C003B8CC6 /* Resources */,
				9C5B14591526C77C003B8CC6 /* ShellScript */,
			);
			buildRules = (
			);
			dependencies = (
				9C5B14611526C77C003B8CC6 /* PBXTargetDependency */,
			);
			name = ExampleTestTests;
			productName = ExampleTestTests;
			productReference = 9C5B145B1526C77C003B8CC6 /* ExampleTestTests.octest */;
			productType = "com.apple.product-type.bundle";
		};
/* End PBXNativeTarget section */

/* Begin PBXProject section */
		9C5B14311526C77B003B8CC6 /* Project object */ = {
			isa = PBXProject;
			attributes = {
				LastUpgradeCheck = 0430;
			};
			buildConfigurationList = 9C5B14341526C77B003B8CC6 /* Build configuration list for PBXProject "ExampleTest" */;
			compatibilityVersion = "Xcode 3.2";
			developmentRegion = English;
			hasScannedForEncodings = 0;
			knownRegions = (
				en,
			);
			mainGroup = 9C5B142F1526C77B003B8CC6;
			productRefGroup = 9C5B143B1526C77B003B8CC6 /* Products */;
			projectDirPath = "";
			projectRoot = "";
			targets = (
				9C5B14391526C77B003B8CC6 /* ExampleTest */,
				9C5B145A1526C77C003B8CC6 /* ExampleTestTests */,
			);
		};
/* End PBXProject section */

/* Begin PBXResourcesBuildPhase section */
		9C5B14381526C77B003B8CC6 /* Resources */ = {
			isa = PBXResourcesBuildPhase;
			buildActionMask = 2147483647;
			files = (
				9C5B14491526C77C003B8CC6 /* InfoPlist.strings in Resources */,
				9C5B14551526C77C003B8CC6 /* ViewController.xib in Resources */,
			);
			runOnlyForDeploymentPostprocessing = 0;
		};
		9C5B14581526C77C003B8CC6 /* Resources */ = {
			isa = PBXResourcesBuildPhase;
			buildActionMask = 2147483647;
			files = (
				9C5B14671526C77C003B8CC6 /* InfoPlist.strings in Resources */,
			);
			runOnlyForDeploymentPostprocessing = 0;
		};
/* End PBXResourcesBuildPhase section */

/* Begin PBXShellScriptBuildPhase section */
		9C5B14591526C77C003B8CC6 /* ShellScript */ = {
			isa = PBXShellScriptBuildPhase;
			buildActionMask = 2147483647;
			files = (
			);
			inputPaths = (
			);
			outputPaths = (
			);
			runOnlyForDeploymentPostprocessing = 0;
			shellPath = /bin/sh;
			shellScript = "# Run the unit tests in this test bundle.\n\"${SYSTEM_DEVELOPER_DIR}/Tools/RunUnitTests\"\n";
		};
/* End PBXShellScriptBuildPhase section */

/* Begin PBXSourcesBuildPhase section */
		9C5B14361526C77B003B8CC6 /* Sources */ = {
			isa = PBXSourcesBuildPhase;
			buildActionMask = 2147483647;
			files = (
				9C5B144B1526C77C003B8CC6 /* main.m in Sources */,
				9C5B144F1526C77C003B8CC6 /* AppDelegate.m in Sources */,
				9C5B14521526C77C003B8CC6 /* ViewController.m in Sources */,
			);
			runOnlyForDeploymentPostprocessing = 0;
		};
		9C5B14561526C77C003B8CC6 /* Sources */ = {
			isa = PBXSourcesBuildPhase;
			buildActionMask = 2147483647;
			files = (
				9C5B146A1526C77C003B8CC6 /* ExampleTestTests.m in Sources */,
			);
			runOnlyForDeploymentPostprocessing = 0;
		};
/* End PBXSourcesBuildPhase section */

/* Begin PBXTargetDependency section */
		9C5B14611526C77C003B8CC6 /* PBXTargetDependency */ = {
			isa = PBXTargetDependency;
			target = 9C5B14391526C77B003B8CC6 /* ExampleTest */;
			targetProxy = 9C5B14601526C77C003B8CC6 /* PBXContainerItemProxy */;
		};
/* End PBXTargetDependency section */

/* Begin PBXVariantGroup section */
		9C5B14471526C77C003B8CC6 /* InfoPlist.strings */ = {
			isa = PBXVariantGroup;
			children = (
				9C5B14481526C77C003B8CC6 /* en */,
			);
			name = InfoPlist.strings;
			sourceTree = "<group>";
		};
		9C5B14531526C77C003B8CC6 /* ViewController.xib */ = {
			isa = PBXVariantGroup;
			children = (
				9C5B14541526C77C003B8CC6 /* en */,
			);
			name = ViewController.xib;
			sourceTree = "<group>";
		};
		9C5B14651526C77C003B8CC6 /* InfoPlist.strings */ = {
			isa = PBXVariantGroup;
			children = (
				9C5B14661526C77C003B8CC6 /* en */,
			);
			name = InfoPlist.strings;
			sourceTree = "<group>";
		};
/* End PBXVariantGroup section */

/* Begin XCBuildConfiguration section */
		9C5B146B1526C77C003B8CC6 /* Debug */ = {
			isa = XCBuildConfiguration;
			buildSettings = {
				ALWAYS_SEARCH_USER_PATHS = NO;
				ARCHS = "$(ARCHS_STANDARD_32_BIT)";
				CLANG_ENABLE_OBJC_ARC = YES;
				"CODE_SIGN_IDENTITY[sdk=iphoneos*]" = "iPhone Developer";
				COPY_PHASE_STRIP = NO;
				GCC_C_LANGUAGE_STANDARD = gnu99;
				GCC_DYNAMIC_NO_PIC = NO;
				GCC_OPTIMIZATION_LEVEL = 0;
				GCC_PREPROCESSOR_DEFINITIONS = (
					"DEBUG=1",
					"$(inherited)",
				);
				GCC_SYMBOLS_PRIVATE_EXTERN = NO;
				GCC_VERSION = com.apple.compilers.llvm.clang.1_0;
				GCC_WARN_ABOUT_RETURN_TYPE = YES;
				GCC_WARN_UNINITIALIZED_AUTOS = YES;
				GCC_WARN_UNUSED_VARIABLE = YES;
				IPHONEOS_DEPLOYMENT_TARGET = 5.1;
				SDKROOT = iphoneos;
			};
			name = Debug;
		};
		9C5B146C1526C77C003B8CC6 /* Release */ = {
			isa = XCBuildConfiguration;
			buildSettings = {
				ALWAYS_SEARCH_USER_PATHS = NO;
				ARCHS = "$(ARCHS_STANDARD_32_BIT)";
				CLANG_ENABLE_OBJC_ARC = YES;
				"CODE_SIGN_IDENTITY[sdk=iphoneos*]" = "iPhone Developer";
				COPY_PHASE_STRIP = YES;
				GCC_C_LANGUAGE_STANDARD = gnu99;
				GCC_VERSION = com.apple.compilers.llvm.clang.1_0;
				GCC_WARN_ABOUT_RETURN_TYPE = YES;
				GCC_WARN_UNINITIALIZED_AUTOS = YES;
				GCC_WARN_UNUSED_VARIABLE = YES;
				IPHONEOS_DEPLOYMENT_TARGET = 5.1;
				OTHER_CFLAGS = "-DNS_BLOCK_ASSERTIONS=1";
				SDKROOT = iphoneos;
				VALIDATE_PRODUCT = YES;
			};
			name = Release;
		};
		9C5B146E1526C77C003B8CC6 /* Debug */ = {
			isa = XCBuildConfiguration;
			buildSettings = {
				GCC_PRECOMPILE_PREFIX_HEADER = YES;
				GCC_PREFIX_HEADER = "ExampleTest/ExampleTest-Prefix.pch";
				INFOPLIST_FILE = "ExampleTest/ExampleTest-Info.plist";
				PRODUCT_NAME = "$(TARGET_NAME)";
				WRAPPER_EXTENSION = app;
			};
			name = Debug;
		};
		9C5B146F1526C77C003B8CC6 /* Release */ = {
			isa = XCBuildConfiguration;
			buildSettings = {
				GCC_PRECOMPILE_PREFIX_HEADER = YES;
				GCC_PREFIX_HEADER = "ExampleTest/ExampleTest-Prefix.pch";
				INFOPLIST_FILE = "ExampleTest/ExampleTest-Info.plist";
				PRODUCT_NAME = "$(TARGET_NAME)";
				WRAPPER_EXTENSION = app;
			};
			name = Release;
		};
		9C5B14711526C77C003B8CC6 /* Debug */ = {
			isa = XCBuildConfiguration;
			buildSettings = {
				BUNDLE_LOADER = "$(BUILT_PRODUCTS_DIR)/ExampleTest.app/ExampleTest";
				FRAMEWORK_SEARCH_PATHS = (
					"$(SDKROOT)/Developer/Library/Frameworks",
					"$(DEVELOPER_LIBRARY_DIR)/Frameworks",
				);
				GCC_PRECOMPILE_PREFIX_HEADER = YES;
				GCC_PREFIX_HEADER = "ExampleTest/ExampleTest-Prefix.pch";
				INFOPLIST_FILE = "ExampleTestTests/ExampleTestTests-Info.plist";
				PRODUCT_NAME = "$(TARGET_NAME)";
				TEST_HOST = "$(BUNDLE_LOADER)";
				WRAPPER_EXTENSION = octest;
			};
			name = Debug;
		};
		9C5B14721526C77C003B8CC6 /* Release */ = {
			isa = XCBuildConfiguration;
			buildSettings = {
				BUNDLE_LOADER = "$(BUILT_PRODUCTS_DIR)/ExampleTest.app/ExampleTest";
				FRAMEWORK_SEARCH_PATHS = (
					"$(SDKROOT)/Developer/Library/Frameworks",
					"$(DEVELOPER_LIBRARY_DIR)/Frameworks",
				);
				GCC_PRECOMPILE_PREFIX_HEADER = YES;
				GCC_PREFIX_HEADER = "ExampleTest/ExampleTest-Prefix.pch";
				INFOPLIST_FILE = "ExampleTestTests/ExampleTestTests-Info.plist";
				PRODUCT_NAME = "$(TARGET_NAME)";
				TEST_HOST = "$(BUNDLE_LOADER)";
				WRAPPER_EXTENSION = octest;
			};
			name = Release;
		};
/* End XCBuildConfiguration section */

/* Begin XCConfigurationList section */
		9C5B14341526C77B003B8CC6 /* Build configuration list for PBXProject "ExampleTest" */ = {
			isa = XCConfigurationList;
			buildConfigurations = (
				9C5B146B1526C77C003B8CC6 /* Debug */,
				9C5B146C1526C77C003B8CC6 /* Release */,
			);
			defaultConfigurationIsVisible = 0;
			defaultConfigurationName = Release;
		};
		9C5B146D1526C77C003B8CC6 /* Build configuration list for PBXNativeTarget "ExampleTest" */ = {
			isa = XCConfigurationList;
			buildConfigurations = (
				9C5B146E1526C77C003B8CC6 /* Debug */,
				9C5B146F1526C77C003B8CC6 /* Release */,
			);
			defaultConfigurationIsVisible = 0;
		};
		9C5B14701526C77C003B8CC6 /* Build configuration list for PBXNativeTarget "ExampleTestTests" */ = {
			isa = XCConfigurationList;
			buildConfigurations = (
				9C5B14711526C77C003B8CC6 /* Debug */,
				9C5B14721526C77C003B8CC6 /* Release */,
			);
			defaultConfigurationIsVisible = 0;
		};
/* End XCConfigurationList section */
	};
	rootObject = 9C5B14311526C77B003B8CC6 /* Project object */;
}
